
Microsoft Visual Studio Solution File, Format Version 12.00
# Visual Studio Version 17
VisualStudioVersion = 17.14.36414.22 d17.14
MinimumVisualStudioVersion = 10.0.40219.1
Project("{FAE04EC0-301F-11D3-BF4B-00C04F79EFBC}") = "DapperrShopPractice", "DapperrShopPractice\DapperrShopPractice.csproj", "{93F7342C-6D6F-42A0-8F68-3621547EA096}"
EndProject
Global
	GlobalSection(SolutionConfigurationPlatforms) = preSolution
		Debug|Any CPU = Debug|Any CPU
		Release|Any CPU = Release|Any CPU
	EndGlobalSection
	GlobalSection(ProjectConfigurationPlatforms) = postSolution
		{93F7342C-6D6F-42A0-8F68-3621547EA096}.Debug|Any CPU.ActiveCfg = Debug|Any CPU
		{93F7342C-6D6F-42A0-8F68-3621547EA096}.Debug|Any CPU.Build.0 = Debug|Any CPU
		{93F7342C-6D6F-42A0-8F68-3621547EA096}.Release|Any CPU.ActiveCfg = Release|Any CPU
		{93F7342C-6D6F-42A0-8F68-3621547EA096}.Release|Any CPU.Build.0 = Release|Any CPU
	EndGlobalSection
	GlobalSection(SolutionProperties) = preSolution
		HideSolutionNode = FALSE
	EndGlobalSection
	GlobalSection(ExtensibilityGlobals) = postSolution
		SolutionGuid = {978B47F3-8947-43B0-AC99-70AD570CDEC0}
	EndGlobalSection
EndGlobal
